
Microsoft Visual Studio Solution File, Format Version 12.00
# Visual Studio Version 17
VisualStudioVersion = 17.9.34723.18
MinimumVisualStudioVersion = 10.0.40219.1
Project("{9A19103F-16F7-4668-BE54-9A1E7A4F7556}") = "MusicPortal", "MusicPortal.csproj", "{08338EA4-BA3B-4D9A-BBB6-F72AAA3DFA33}"
EndProject
Project("{FAE04EC0-301F-11D3-BF4B-00C04F79EFBC}") = "MusicPortal.DAL", "..\MusicPortal.DAL\MusicPortal.DAL.csproj", "{4F0F738D-EC1E-4FD4-96D0-08D49FEA4449}"
EndProject
Project("{FAE04EC0-301F-11D3-BF4B-00C04F79EFBC}") = "MusicPortal.BLL", "..\MusicPortal.BLL\MusicPortal.BLL.csproj", "{2D692D97-2E8F-43EC-ABBA-B3673CC86215}"
EndProject
Global
	GlobalSection(SolutionConfigurationPlatforms) = preSolution
		Debug|Any CPU = Debug|Any CPU
		Release|Any CPU = Release|Any CPU
	EndGlobalSection
	GlobalSection(ProjectConfigurationPlatforms) = postSolution
		{08338EA4-BA3B-4D9A-BBB6-F72AAA3DFA33}.Debug|Any CPU.ActiveCfg = Debug|Any CPU
		{08338EA4-BA3B-4D9A-BBB6-F72AAA3DFA33}.Debug|Any CPU.Build.0 = Debug|Any CPU
		{08338EA4-BA3B-4D9A-BBB6-F72AAA3DFA33}.Release|Any CPU.ActiveCfg = Release|Any CPU
		{08338EA4-BA3B-4D9A-BBB6-F72AAA3DFA33}.Release|Any CPU.Build.0 = Release|Any CPU
		{4F0F738D-EC1E-4FD4-96D0-08D49FEA4449}.Debug|Any CPU.ActiveCfg = Debug|Any CPU
		{4F0F738D-EC1E-4FD4-96D0-08D49FEA4449}.Debug|Any CPU.Build.0 = Debug|Any CPU
		{4F0F738D-EC1E-4FD4-96D0-08D49FEA4449}.Release|Any CPU.ActiveCfg = Release|Any CPU
		{4F0F738D-EC1E-4FD4-96D0-08D49FEA4449}.Release|Any CPU.Build.0 = Release|Any CPU
		{2D692D97-2E8F-43EC-ABBA-B3673CC86215}.Debug|Any CPU.ActiveCfg = Debug|Any CPU
		{2D692D97-2E8F-43EC-ABBA-B3673CC86215}.Debug|Any CPU.Build.0 = Debug|Any CPU
		{2D692D97-2E8F-43EC-ABBA-B3673CC86215}.Release|Any CPU.ActiveCfg = Release|Any CPU
		{2D692D97-2E8F-43EC-ABBA-B3673CC86215}.Release|Any CPU.Build.0 = Release|Any CPU
	EndGlobalSection
	GlobalSection(SolutionProperties) = preSolution
		HideSolutionNode = FALSE
	EndGlobalSection
	GlobalSection(ExtensibilityGlobals) = postSolution
		SolutionGuid = {B1D6AAA7-4EE5-4BE6-AABA-EFC57825AAC2}
	EndGlobalSection
EndGlobal
